
Microsoft Visual Studio Solution File, Format Version 12.00
# Visual Studio Version 16
VisualStudioVersion = 16.0.30114.105
MinimumVisualStudioVersion = 10.0.40219.1
Project("{2150E333-8FDC-42A3-9474-1A3956D46DE8}") = "Services", "Services", "{1358620A-59E1-4AB1-B01D-0A9AF9D55A11}"
EndProject
Project("{2150E333-8FDC-42A3-9474-1A3956D46DE8}") = "Catalog", "Catalog", "{A96CC971-C1BD-4AAB-9710-A51632993DBD}"
EndProject
Project("{FAE04EC0-301F-11D3-BF4B-00C04F79EFBC}") = "Catalog.API", "Services\Catalog\Catalog.API\Catalog.API.csproj", "{21807037-28C4-423A-A8CC-3E56A8E30F20}"
EndProject
Project("{2150E333-8FDC-42A3-9474-1A3956D46DE8}") = "Basket", "Basket", "{4BF1D441-3B05-4B24-BA9A-84314DF76C8E}"
EndProject
Project("{FAE04EC0-301F-11D3-BF4B-00C04F79EFBC}") = "Basket.API", "Services\Basket\Basket.API\Basket.API.csproj", "{29174E39-30BB-4F1B-825A-19CA19AAA04D}"
EndProject
Project("{2150E333-8FDC-42A3-9474-1A3956D46DE8}") = "Discount", "Discount", "{A6281A9F-13FD-4692-8594-B99DFEC0C534}"
EndProject
Project("{FAE04EC0-301F-11D3-BF4B-00C04F79EFBC}") = "Discount.API", "Services\Discount\Discount.API\Discount.API.csproj", "{D0D7E8BD-A0E1-4F9C-9490-11D1DB63C17F}"
EndProject
Project("{2150E333-8FDC-42A3-9474-1A3956D46DE8}") = "Ordering", "Ordering", "{2961039D-CCAE-4F75-A9E2-A679F928B8F3}"
EndProject
Project("{FAE04EC0-301F-11D3-BF4B-00C04F79EFBC}") = "Ordering.API", "Services\Ordering\Ordering.API\Ordering.API.csproj", "{0CFB1677-7966-4D2C-9A94-F26D1A134479}"
EndProject
Project("{FAE04EC0-301F-11D3-BF4B-00C04F79EFBC}") = "Ordering.Domain", "Services\Ordering\Ordering.Domain\Ordering.Domain.csproj", "{3274B8E7-8F04-4183-872C-BFA105A21AC6}"
EndProject
Project("{FAE04EC0-301F-11D3-BF4B-00C04F79EFBC}") = "Ordering.Application", "Services\Ordering\Ordering.Application\Ordering.Application.csproj", "{84B96920-0DF9-4D27-9FB8-F1709887563B}"
EndProject
Project("{FAE04EC0-301F-11D3-BF4B-00C04F79EFBC}") = "Ordering.Infrastructure", "Services\Ordering\Ordering.Infrastructure\Ordering.Infrastructure.csproj", "{D41A256A-61A4-4C84-BC8C-1CB9BC598F18}"
EndProject
Project("{2150E333-8FDC-42A3-9474-1A3956D46DE8}") = "ApiGateways", "ApiGateways", "{04B2322A-5AEB-4159-8756-9D2504B2BA2D}"
EndProject
Project("{FAE04EC0-301F-11D3-BF4B-00C04F79EFBC}") = "OcelotApiGw", "ApiGateways\OcelotApiGw\OcelotApiGw.csproj", "{F0817A97-1B8F-46BA-99CD-23C4753A747E}"
EndProject
Project("{2150E333-8FDC-42A3-9474-1A3956D46DE8}") = "BuildingBlocks", "BuildingBlocks", "{B643529F-EBA9-401F-AE30-D6D50BD160E8}"
EndProject
Project("{FAE04EC0-301F-11D3-BF4B-00C04F79EFBC}") = "EventBus.Messages", "BuildingBlocks\EventBus.Messages\EventBus.Messages.csproj", "{AAF45B69-7368-4AA2-8269-60299C92C669}"
EndProject
Project("{FAE04EC0-301F-11D3-BF4B-00C04F79EFBC}") = "Shopping.Aggregator", "ApiGateways\Shopping.Aggregator\Shopping.Aggregator.csproj", "{21B13FF3-96B8-4372-86C5-1484B2DDD973}"
EndProject
Global
	GlobalSection(SolutionConfigurationPlatforms) = preSolution
		Debug|Any CPU = Debug|Any CPU
		Release|Any CPU = Release|Any CPU
	EndGlobalSection
	GlobalSection(SolutionProperties) = preSolution
		HideSolutionNode = FALSE
	EndGlobalSection
	GlobalSection(ProjectConfigurationPlatforms) = postSolution
		{21807037-28C4-423A-A8CC-3E56A8E30F20}.Debug|Any CPU.ActiveCfg = Debug|Any CPU
		{21807037-28C4-423A-A8CC-3E56A8E30F20}.Debug|Any CPU.Build.0 = Debug|Any CPU
		{21807037-28C4-423A-A8CC-3E56A8E30F20}.Release|Any CPU.ActiveCfg = Release|Any CPU
		{21807037-28C4-423A-A8CC-3E56A8E30F20}.Release|Any CPU.Build.0 = Release|Any CPU
		{29174E39-30BB-4F1B-825A-19CA19AAA04D}.Debug|Any CPU.ActiveCfg = Debug|Any CPU
		{29174E39-30BB-4F1B-825A-19CA19AAA04D}.Debug|Any CPU.Build.0 = Debug|Any CPU
		{29174E39-30BB-4F1B-825A-19CA19AAA04D}.Release|Any CPU.ActiveCfg = Release|Any CPU
		{29174E39-30BB-4F1B-825A-19CA19AAA04D}.Release|Any CPU.Build.0 = Release|Any CPU
		{D0D7E8BD-A0E1-4F9C-9490-11D1DB63C17F}.Debug|Any CPU.ActiveCfg = Debug|Any CPU
		{D0D7E8BD-A0E1-4F9C-9490-11D1DB63C17F}.Debug|Any CPU.Build.0 = Debug|Any CPU
		{D0D7E8BD-A0E1-4F9C-9490-11D1DB63C17F}.Release|Any CPU.ActiveCfg = Release|Any CPU
		{D0D7E8BD-A0E1-4F9C-9490-11D1DB63C17F}.Release|Any CPU.Build.0 = Release|Any CPU
		{0CFB1677-7966-4D2C-9A94-F26D1A134479}.Debug|Any CPU.ActiveCfg = Debug|Any CPU
		{0CFB1677-7966-4D2C-9A94-F26D1A134479}.Debug|Any CPU.Build.0 = Debug|Any CPU
		{0CFB1677-7966-4D2C-9A94-F26D1A134479}.Release|Any CPU.ActiveCfg = Release|Any CPU
		{0CFB1677-7966-4D2C-9A94-F26D1A134479}.Release|Any CPU.Build.0 = Release|Any CPU
		{3274B8E7-8F04-4183-872C-BFA105A21AC6}.Debug|Any CPU.ActiveCfg = Debug|Any CPU
		{3274B8E7-8F04-4183-872C-BFA105A21AC6}.Debug|Any CPU.Build.0 = Debug|Any CPU
		{3274B8E7-8F04-4183-872C-BFA105A21AC6}.Release|Any CPU.ActiveCfg = Release|Any CPU
		{3274B8E7-8F04-4183-872C-BFA105A21AC6}.Release|Any CPU.Build.0 = Release|Any CPU
		{84B96920-0DF9-4D27-9FB8-F1709887563B}.Debug|Any CPU.ActiveCfg = Debug|Any CPU
		{84B96920-0DF9-4D27-9FB8-F1709887563B}.Debug|Any CPU.Build.0 = Debug|Any CPU
		{84B96920-0DF9-4D27-9FB8-F1709887563B}.Release|Any CPU.ActiveCfg = Release|Any CPU
		{84B96920-0DF9-4D27-9FB8-F1709887563B}.Release|Any CPU.Build.0 = Release|Any CPU
		{D41A256A-61A4-4C84-BC8C-1CB9BC598F18}.Debug|Any CPU.ActiveCfg = Debug|Any CPU
		{D41A256A-61A4-4C84-BC8C-1CB9BC598F18}.Debug|Any CPU.Build.0 = Debug|Any CPU
		{D41A256A-61A4-4C84-BC8C-1CB9BC598F18}.Release|Any CPU.ActiveCfg = Release|Any CPU
		{D41A256A-61A4-4C84-BC8C-1CB9BC598F18}.Release|Any CPU.Build.0 = Release|Any CPU
		{F0817A97-1B8F-46BA-99CD-23C4753A747E}.Debug|Any CPU.ActiveCfg = Debug|Any CPU
		{F0817A97-1B8F-46BA-99CD-23C4753A747E}.Debug|Any CPU.Build.0 = Debug|Any CPU
		{F0817A97-1B8F-46BA-99CD-23C4753A747E}.Release|Any CPU.ActiveCfg = Release|Any CPU
		{F0817A97-1B8F-46BA-99CD-23C4753A747E}.Release|Any CPU.Build.0 = Release|Any CPU
		{AAF45B69-7368-4AA2-8269-60299C92C669}.Debug|Any CPU.ActiveCfg = Debug|Any CPU
		{AAF45B69-7368-4AA2-8269-60299C92C669}.Debug|Any CPU.Build.0 = Debug|Any CPU
		{AAF45B69-7368-4AA2-8269-60299C92C669}.Release|Any CPU.ActiveCfg = Release|Any CPU
		{AAF45B69-7368-4AA2-8269-60299C92C669}.Release|Any CPU.Build.0 = Release|Any CPU
		{21B13FF3-96B8-4372-86C5-1484B2DDD973}.Debug|Any CPU.ActiveCfg = Debug|Any CPU
		{21B13FF3-96B8-4372-86C5-1484B2DDD973}.Debug|Any CPU.Build.0 = Debug|Any CPU
		{21B13FF3-96B8-4372-86C5-1484B2DDD973}.Release|Any CPU.ActiveCfg = Release|Any CPU
		{21B13FF3-96B8-4372-86C5-1484B2DDD973}.Release|Any CPU.Build.0 = Release|Any CPU
	EndGlobalSection
	GlobalSection(NestedProjects) = preSolution
		{A96CC971-C1BD-4AAB-9710-A51632993DBD} = {1358620A-59E1-4AB1-B01D-0A9AF9D55A11}
		{21807037-28C4-423A-A8CC-3E56A8E30F20} = {A96CC971-C1BD-4AAB-9710-A51632993DBD}
		{4BF1D441-3B05-4B24-BA9A-84314DF76C8E} = {1358620A-59E1-4AB1-B01D-0A9AF9D55A11}
		{29174E39-30BB-4F1B-825A-19CA19AAA04D} = {4BF1D441-3B05-4B24-BA9A-84314DF76C8E}
		{A6281A9F-13FD-4692-8594-B99DFEC0C534} = {1358620A-59E1-4AB1-B01D-0A9AF9D55A11}
		{D0D7E8BD-A0E1-4F9C-9490-11D1DB63C17F} = {A6281A9F-13FD-4692-8594-B99DFEC0C534}
		{2961039D-CCAE-4F75-A9E2-A679F928B8F3} = {1358620A-59E1-4AB1-B01D-0A9AF9D55A11}
		{0CFB1677-7966-4D2C-9A94-F26D1A134479} = {2961039D-CCAE-4F75-A9E2-A679F928B8F3}
		{3274B8E7-8F04-4183-872C-BFA105A21AC6} = {2961039D-CCAE-4F75-A9E2-A679F928B8F3}
		{84B96920-0DF9-4D27-9FB8-F1709887563B} = {2961039D-CCAE-4F75-A9E2-A679F928B8F3}
		{D41A256A-61A4-4C84-BC8C-1CB9BC598F18} = {2961039D-CCAE-4F75-A9E2-A679F928B8F3}
		{F0817A97-1B8F-46BA-99CD-23C4753A747E} = {04B2322A-5AEB-4159-8756-9D2504B2BA2D}
		{AAF45B69-7368-4AA2-8269-60299C92C669} = {B643529F-EBA9-401F-AE30-D6D50BD160E8}
		{21B13FF3-96B8-4372-86C5-1484B2DDD973} = {04B2322A-5AEB-4159-8756-9D2504B2BA2D}
	EndGlobalSection
EndGlobal
